# This file is generated by running "yarn install" inside your project.
# Manual changes might be lost - proceed with caution!

__metadata:
  version: 8
  cacheKey: 10c0

"@actions/core@npm:^1.10.1":
  version: 1.11.1
  resolution: "@actions/core@npm:1.11.1"
  dependencies:
    "@actions/exec": "npm:^1.1.1"
    "@actions/http-client": "npm:^2.0.1"
  checksum: 10c0/9aa30b397d8d0dbc74e69fe46b23fb105cab989beb420c57eacbfc51c6804abe8da0f46973ca9f639d532ea4c096d0f4d37da0223fbe94f304fa3c5f53537c30
  languageName: node
  linkType: hard

"@actions/exec@npm:^1.1.1":
  version: 1.1.1
  resolution: "@actions/exec@npm:1.1.1"
  dependencies:
    "@actions/io": "npm:^1.0.1"
  checksum: 10c0/4a09f6bdbe50ce68b5cf8a7254d176230d6a74bccf6ecc3857feee209a8c950ba9adec87cc5ecceb04110182d1c17117234e45557d72fde6229b7fd3a395322a
  languageName: node
  linkType: hard

"@actions/github@npm:^6.0.0":
  version: 6.0.1
  resolution: "@actions/github@npm:6.0.1"
  dependencies:
    "@actions/http-client": "npm:^2.2.0"
    "@octokit/core": "npm:^5.0.1"
    "@octokit/plugin-paginate-rest": "npm:^9.2.2"
    "@octokit/plugin-rest-endpoint-methods": "npm:^10.4.0"
    "@octokit/request": "npm:^8.4.1"
    "@octokit/request-error": "npm:^5.1.1"
    undici: "npm:^5.28.5"
  checksum: 10c0/eaa4109eb1c6ccda5d0c261c4401b8d8ebf0b3f871eb553e1e7a53b86455ad0a7dc7f443c8351aba4fbad979070511f7f86ca84a9056449ef053066cfdb3576b
  languageName: node
  linkType: hard

"@actions/http-client@npm:^2.0.1, @actions/http-client@npm:^2.2.0":
  version: 2.2.3
  resolution: "@actions/http-client@npm:2.2.3"
  dependencies:
    tunnel: "npm:^0.0.6"
    undici: "npm:^5.25.4"
  checksum: 10c0/13141b66a42aa4afd8c50f7479e13a5cdb5084ccb3c73ec48894b8029743389a3d2bf8cdc18e23fb70cd33995740526dd308815613907571e897c3aa1e5eada6
  languageName: node
  linkType: hard

"@actions/io@npm:^1.0.1":
  version: 1.1.3
  resolution: "@actions/io@npm:1.1.3"
  checksum: 10c0/5b8751918e5bf0bebd923ba917fb1c0e294401e7ff0037f32c92a4efa4215550df1f6633c63fd4efb2bdaae8711e69b9e36925857db1f38935ff62a5c92ec29e
  languageName: node
  linkType: hard

"@fastify/busboy@npm:^2.0.0":
  version: 2.1.1
  resolution: "@fastify/busboy@npm:2.1.1"
  checksum: 10c0/6f8027a8cba7f8f7b736718b013f5a38c0476eea67034c94a0d3c375e2b114366ad4419e6a6fa7ffc2ef9c6d3e0435d76dd584a7a1cbac23962fda7650b579e3
  languageName: node
  linkType: hard

"@isaacs/cliui@npm:^9.0.0":
  version: 9.0.0
  resolution: "@isaacs/cliui@npm:9.0.0"
  checksum: 10c0/971063b7296419f85053dacd0a0285dcadaa3dfc139228b23e016c1a9848121ad4aa5e7fcca7522062014e1eb6239a7424188b9f2cba893a79c90aae5710319c
  languageName: node
  linkType: hard

"@isaacs/fs-minipass@npm:^4.0.0":
  version: 4.0.1
  resolution: "@isaacs/fs-minipass@npm:4.0.1"
  dependencies:
    minipass: "npm:^7.0.4"
  checksum: 10c0/c25b6dc1598790d5b55c0947a9b7d111cfa92594db5296c3b907e2f533c033666f692a3939eadac17b1c7c40d362d0b0635dc874cbfe3e70db7c2b07cc97a5d2
  languageName: node
  linkType: hard

"@octokit/auth-token@npm:^4.0.0":
  version: 4.0.0
  resolution: "@octokit/auth-token@npm:4.0.0"
  checksum: 10c0/57acaa6c394c5abab2f74e8e1dcf4e7a16b236f713c77a54b8f08e2d14114de94b37946259e33ec2aab0566b26f724c2b71d2602352b59e541a9854897618f3c
  languageName: node
  linkType: hard

"@octokit/core@npm:^5.0.1":
  version: 5.2.2
  resolution: "@octokit/core@npm:5.2.2"
  dependencies:
    "@octokit/auth-token": "npm:^4.0.0"
    "@octokit/graphql": "npm:^7.1.0"
    "@octokit/request": "npm:^8.4.1"
    "@octokit/request-error": "npm:^5.1.1"
    "@octokit/types": "npm:^13.0.0"
    before-after-hook: "npm:^2.2.0"
    universal-user-agent: "npm:^6.0.0"
  checksum: 10c0/b4484d85552303b839613e2133dcd064fa06a7c10fe0ebd11ba8f67cb8e3384e48983c589f4d1dc0fa3754857784e3d90ff4eab9782e118baf13ddd1b834957c
  languageName: node
  linkType: hard

"@octokit/endpoint@npm:^9.0.6":
  version: 9.0.6
  resolution: "@octokit/endpoint@npm:9.0.6"
  dependencies:
    "@octokit/types": "npm:^13.1.0"
    universal-user-agent: "npm:^6.0.0"
  checksum: 10c0/8e06197b21869aeb498e0315093ca6fbee12bd1bdcfc1667fcd7d79d827d84f2c5a30702ffd28bba7879780e367d14c30df5b20d47fcaed5de5fdc05f5d4e013
  languageName: node
  linkType: hard

"@octokit/graphql@npm:^7.1.0":
  version: 7.1.1
  resolution: "@octokit/graphql@npm:7.1.1"
  dependencies:
    "@octokit/request": "npm:^8.4.1"
    "@octokit/types": "npm:^13.0.0"
    universal-user-agent: "npm:^6.0.0"
  checksum: 10c0/c27216200f3f4ce7ce2a694fb7ea43f8ea4a807fbee3a423c41ed137dd7948dfc0bbf6ea1656f029a7625c84b583acdef740a7032266d0eff55305c91c3a1ed6
  languageName: node
  linkType: hard

"@octokit/openapi-types@npm:^20.0.0":
  version: 20.0.0
  resolution: "@octokit/openapi-types@npm:20.0.0"
  checksum: 10c0/5176dcc3b9d182ede3d446750cfa5cf31139624785a73fcf3511e3102a802b4d7cc45e999c27ed91d73fe8b7d718c8c406facb48688926921a71fe603b7db95d
  languageName: node
  linkType: hard

"@octokit/openapi-types@npm:^24.2.0":
  version: 24.2.0
  resolution: "@octokit/openapi-types@npm:24.2.0"
  checksum: 10c0/8f47918b35e9b7f6109be6f7c8fc3a64ad13a48233112b29e92559e64a564b810eb3ebf81b4cd0af1bb2989d27b9b95cca96e841ec4e23a3f68703cefe62fd9e
  languageName: node
  linkType: hard

"@octokit/plugin-paginate-rest@npm:^9.2.2":
  version: 9.2.2
  resolution: "@octokit/plugin-paginate-rest@npm:9.2.2"
  dependencies:
    "@octokit/types": "npm:^12.6.0"
  peerDependencies:
    "@octokit/core": 5
  checksum: 10c0/e9c85b17064fe6b62f9af88dba008f3daef456b1195340ea0831990e9c4dbabe89be950b6e5dc924ebcca18ad1aaa0cf6df7d824dc8be26ce9a55f20336ff815
  languageName: node
  linkType: hard

"@octokit/plugin-rest-endpoint-methods@npm:^10.4.0":
  version: 10.4.1
  resolution: "@octokit/plugin-rest-endpoint-methods@npm:10.4.1"
  dependencies:
    "@octokit/types": "npm:^12.6.0"
  peerDependencies:
    "@octokit/core": 5
  checksum: 10c0/4b8f64c0f7fa12464546ad312a5289c2a799967e01e90e2c4923ec6e9604cf212dcb50d9795c9a688867f973c9c529c5950368564c560406c652bcd298f090af
  languageName: node
  linkType: hard

"@octokit/request-error@npm:^5.1.1":
  version: 5.1.1
  resolution: "@octokit/request-error@npm:5.1.1"
  dependencies:
    "@octokit/types": "npm:^13.1.0"
    deprecation: "npm:^2.0.0"
    once: "npm:^1.4.0"
  checksum: 10c0/dc9fc76ea5e4199273e4665ce9ddf345fe8f25578d9999c9a16f276298e61ee6fe0e6f5a6147b91ba3b34fdf5b9e6b7af6ae13d6333175e95b30c574088f7a2d
  languageName: node
  linkType: hard

"@octokit/request@npm:^8.4.1":
  version: 8.4.1
  resolution: "@octokit/request@npm:8.4.1"
  dependencies:
    "@octokit/endpoint": "npm:^9.0.6"
    "@octokit/request-error": "npm:^5.1.1"
    "@octokit/types": "npm:^13.1.0"
    universal-user-agent: "npm:^6.0.0"
  checksum: 10c0/1a69dcb7336de708a296db9e9a58040e5b284a87495a63112f80eb0007da3fc96a9fadecb9e875fc63cf179c23a0f81031fbef2a6f610a219e45805ead03fcf3
  languageName: node
  linkType: hard

"@octokit/types@npm:^12.6.0":
  version: 12.6.0
  resolution: "@octokit/types@npm:12.6.0"
  dependencies:
    "@octokit/openapi-types": "npm:^20.0.0"
  checksum: 10c0/0bea58bda46c93287f5a80a0e52bc60e7dc7136b8a38c3569d63d073fb9df4a56acdb9d9bdba9978f37c374a4a6e3e52886ef5b08cace048adb0012cacef942c
  languageName: node
  linkType: hard

"@octokit/types@npm:^13.0.0, @octokit/types@npm:^13.1.0":
  version: 13.10.0
  resolution: "@octokit/types@npm:13.10.0"
  dependencies:
    "@octokit/openapi-types": "npm:^24.2.0"
  checksum: 10c0/f66a401b89d653ec28e5c1529abdb7965752db4d9d40fa54c80e900af4c6bf944af6bd0a83f5b4f1eecb72e3d646899dfb27ffcf272ac243552de7e3b97a038d
  languageName: node
  linkType: hard

"@types/js-yaml@npm:^4.0.9":
  version: 4.0.9
  resolution: "@types/js-yaml@npm:4.0.9"
  checksum: 10c0/24de857aa8d61526bbfbbaa383aa538283ad17363fcd5bb5148e2c7f604547db36646440e739d78241ed008702a8920665d1add5618687b6743858fae00da211
  languageName: node
  linkType: hard

"@types/node@npm:^20.0.0":
  version: 20.19.39
  resolution: "@types/node@npm:20.19.39"
  dependencies:
    undici-types: "npm:~6.21.0"
  checksum: 10c0/1d16da7b5f47a7415b827fcf3b94d279febf4c14671afec74a03e47856b5270023d9beb1b9aeab4d3b622fd97d61a60206cfc2cca588663181331bc592468289
  languageName: node
  linkType: hard

"@vercel/ncc@npm:^0.38.4":
  version: 0.38.4
  resolution: "@vercel/ncc@npm:0.38.4"
  dependencies:
    node-gyp: "npm:latest"
  bin:
    ncc: dist/ncc/cli.js
  checksum: 10c0/dd6f5e95c09aa2db957788dd1fc7e5dc208b5268dc19a1560f8a71c1b18d234bb8ca0990f972051efcbc8d1cc5458242168bbdca54212a605ed0b4f680d3d876
  languageName: node
  linkType: hard

"abbrev@npm:^4.0.0":
  version: 4.0.0
  resolution: "abbrev@npm:4.0.0"
  checksum: 10c0/b4cc16935235e80702fc90192e349e32f8ef0ed151ef506aa78c81a7c455ec18375c4125414b99f84b2e055199d66383e787675f0bcd87da7a4dbd59f9eac1d5
  languageName: node
  linkType: hard

"argparse@npm:^2.0.1":
  version: 2.0.1
  resolution: "argparse@npm:2.0.1"
  checksum: 10c0/c5640c2d89045371c7cedd6a70212a04e360fd34d6edeae32f6952c63949e3525ea77dbec0289d8213a99bbaeab5abfa860b5c12cf88a2e6cf8106e90dd27a7e
  languageName: node
  linkType: hard

"balanced-match@npm:^4.0.2":
  version: 4.0.4
  resolution: "balanced-match@npm:4.0.4"
  checksum: 10c0/07e86102a3eb2ee2a6a1a89164f29d0dbaebd28f2ca3f5ca786f36b8b23d9e417eb3be45a4acf754f837be5ac0a2317de90d3fcb7f4f4dc95720a1f36b26a17b
  languageName: node
  linkType: hard

"before-after-hook@npm:^2.2.0":
  version: 2.2.3
  resolution: "before-after-hook@npm:2.2.3"
  checksum: 10c0/0488c4ae12df758ca9d49b3bb27b47fd559677965c52cae7b335784724fb8bf96c42b6e5ba7d7afcbc31facb0e294c3ef717cc41c5bc2f7bd9e76f8b90acd31c
  languageName: node
  linkType: hard

"brace-expansion@npm:^5.0.5":
  version: 5.0.5
  resolution: "brace-expansion@npm:5.0.5"
  dependencies:
    balanced-match: "npm:^4.0.2"
  checksum: 10c0/4d238e14ed4f5cc9c07285550a41cef23121ca08ba99fa9eb5b55b580dcb6bf868b8210aa10526bdc9f8dc97f33ca2a7259039c4cc131a93042beddb424c48e3
  languageName: node
  linkType: hard

"chownr@npm:^3.0.0":
  version: 3.0.0
  resolution: "chownr@npm:3.0.0"
  checksum: 10c0/43925b87700f7e3893296c8e9c56cc58f926411cce3a6e5898136daaf08f08b9a8eb76d37d3267e707d0dcc17aed2e2ebdf5848c0c3ce95cf910a919935c1b10
  languageName: node
  linkType: hard

"cross-spawn@npm:^7.0.6":
  version: 7.0.6
  resolution: "cross-spawn@npm:7.0.6"
  dependencies:
    path-key: "npm:^3.1.0"
    shebang-command: "npm:^2.0.0"
    which: "npm:^2.0.1"
  checksum: 10c0/053ea8b2135caff68a9e81470e845613e374e7309a47731e81639de3eaeb90c3d01af0e0b44d2ab9d50b43467223b88567dfeb3262db942dc063b9976718ffc1
  languageName: node
  linkType: hard

"deprecation@npm:^2.0.0":
  version: 2.3.1
  resolution: "deprecation@npm:2.3.1"
  checksum: 10c0/23d688ba66b74d09b908c40a76179418acbeeb0bfdf218c8075c58ad8d0c315130cb91aa3dffb623aa3a411a3569ce56c6460de6c8d69071c17fe6dd2442f032
  languageName: node
  linkType: hard

"env-paths@npm:^2.2.0":
  version: 2.2.1
  resolution: "env-paths@npm:2.2.1"
  checksum: 10c0/285325677bf00e30845e330eec32894f5105529db97496ee3f598478e50f008c5352a41a30e5e72ec9de8a542b5a570b85699cd63bd2bc646dbcb9f311d83bc4
  languageName: node
  linkType: hard

"exponential-backoff@npm:^3.1.1":
  version: 3.1.3
  resolution: "exponential-backoff@npm:3.1.3"
  checksum: 10c0/77e3ae682b7b1f4972f563c6dbcd2b0d54ac679e62d5d32f3e5085feba20483cf28bd505543f520e287a56d4d55a28d7874299941faf637e779a1aa5994d1267
  languageName: node
  linkType: hard

"fdir@npm:^6.5.0":
  version: 6.5.0
  resolution: "fdir@npm:6.5.0"
  peerDependencies:
    picomatch: ^3 || ^4
  peerDependenciesMeta:
    picomatch:
      optional: true
  checksum: 10c0/e345083c4306b3aed6cb8ec551e26c36bab5c511e99ea4576a16750ddc8d3240e63826cc624f5ae17ad4dc82e68a253213b60d556c11bfad064b7607847ed07f
  languageName: node
  linkType: hard

"foreground-child@npm:^3.3.1":
  version: 3.3.1
  resolution: "foreground-child@npm:3.3.1"
  dependencies:
    cross-spawn: "npm:^7.0.6"
    signal-exit: "npm:^4.0.1"
  checksum: 10c0/8986e4af2430896e65bc2788d6679067294d6aee9545daefc84923a0a4b399ad9c7a3ea7bd8c0b2b80fdf4a92de4c69df3f628233ff3224260e9c1541a9e9ed3
  languageName: node
  linkType: hard

"glob@npm:^11.0.0":
  version: 11.1.0
  resolution: "glob@npm:11.1.0"
  dependencies:
    foreground-child: "npm:^3.3.1"
    jackspeak: "npm:^4.1.1"
    minimatch: "npm:^10.1.1"
    minipass: "npm:^7.1.2"
    package-json-from-dist: "npm:^1.0.0"
    path-scurry: "npm:^2.0.0"
  bin:
    glob: dist/esm/bin.mjs
  checksum: 10c0/1ceae07f23e316a6fa74581d9a74be6e8c2e590d2f7205034dd5c0435c53f5f7b712c2be00c3b65bf0a49294a1c6f4b98cd84c7637e29453b5aa13b79f1763a2
  languageName: node
  linkType: hard

"graceful-fs@npm:^4.2.6":
  version: 4.2.11
  resolution: "graceful-fs@npm:4.2.11"
  checksum: 10c0/386d011a553e02bc594ac2ca0bd6d9e4c22d7fa8cfbfc448a6d148c59ea881b092db9dbe3547ae4b88e55f1b01f7c4a2ecc53b310c042793e63aa44cf6c257f2
  languageName: node
  linkType: hard

"isexe@npm:^2.0.0":
  version: 2.0.0
  resolution: "isexe@npm:2.0.0"
  checksum: 10c0/228cfa503fadc2c31596ab06ed6aa82c9976eec2bfd83397e7eaf06d0ccf42cd1dfd6743bf9aeb01aebd4156d009994c5f76ea898d2832c1fe342da923ca457d
  languageName: node
  linkType: hard

"isexe@npm:^4.0.0":
  version: 4.0.0
  resolution: "isexe@npm:4.0.0"
  checksum: 10c0/5884815115bceac452877659a9c7726382531592f43dc29e5d48b7c4100661aed54018cb90bd36cb2eaeba521092570769167acbb95c18d39afdccbcca06c5ce
  languageName: node
  linkType: hard

"jackspeak@npm:^4.1.1":
  version: 4.2.3
  resolution: "jackspeak@npm:4.2.3"
  dependencies:
    "@isaacs/cliui": "npm:^9.0.0"
  checksum: 10c0/b5c0c414f1607c2aa0597f4bf2c03b8443897fccd5fd3c2b3e4f77d556b2bc7c3d3413828ba91e0789f6fb40ad90242f7f89fb20aee9e9d705bc1681f7564f67
  languageName: node
  linkType: hard

"js-yaml@npm:^4.1.1":
  version: 4.1.1
  resolution: "js-yaml@npm:4.1.1"
  dependencies:
    argparse: "npm:^2.0.1"
  bin:
    js-yaml: bin/js-yaml.js
  checksum: 10c0/561c7d7088c40a9bb53cc75becbfb1df6ae49b34b5e6e5a81744b14ae8667ec564ad2527709d1a6e7d5e5fa6d483aa0f373a50ad98d42fde368ec4a190d4fae7
  languageName: node
  linkType: hard

"lru-cache@npm:^11.0.0":
  version: 11.3.5
  resolution: "lru-cache@npm:11.3.5"
  checksum: 10c0/5b54ef7b88afb4bd25b7a778f1b2b1cde32d9770913e530da34ab203cf0442413bcaa6e372800cbab9562557a4480e4d8bf32e3a368bb5a91b12218eca085c66
  languageName: node
  linkType: hard

"minimatch@npm:^10.1.1":
  version: 10.2.5
  resolution: "minimatch@npm:10.2.5"
  dependencies:
    brace-expansion: "npm:^5.0.5"
  checksum: 10c0/6bb058bd6324104b9ec2f763476a35386d05079c1f5fe4fbf1f324a25237cd4534d6813ecd71f48208f4e635c1221899bef94c3c89f7df55698fe373aaae20fd
  languageName: node
  linkType: hard

"minipass@npm:^7.0.4, minipass@npm:^7.1.2":
  version: 7.1.3
  resolution: "minipass@npm:7.1.3"
  checksum: 10c0/539da88daca16533211ea5a9ee98dc62ff5742f531f54640dd34429e621955e91cc280a91a776026264b7f9f6735947629f920944e9c1558369e8bf22eb33fbb
  languageName: node
  linkType: hard

"minizlib@npm:^3.1.0":
  version: 3.1.0
  resolution: "minizlib@npm:3.1.0"
  dependencies:
    minipass: "npm:^7.1.2"
  checksum: 10c0/5aad75ab0090b8266069c9aabe582c021ae53eb33c6c691054a13a45db3b4f91a7fb1bd79151e6b4e9e9a86727b522527c0a06ec7d45206b745d54cd3097bcec
  languageName: node
  linkType: hard

"node-gyp@npm:latest":
  version: 12.3.0
  resolution: "node-gyp@npm:12.3.0"
  dependencies:
    env-paths: "npm:^2.2.0"
    exponential-backoff: "npm:^3.1.1"
    graceful-fs: "npm:^4.2.6"
    nopt: "npm:^9.0.0"
    proc-log: "npm:^6.0.0"
    semver: "npm:^7.3.5"
    tar: "npm:^7.5.4"
    tinyglobby: "npm:^0.2.12"
    undici: "npm:^6.25.0"
    which: "npm:^6.0.0"
  bin:
    node-gyp: bin/node-gyp.js
  checksum: 10c0/9d9032b405cbe42f72a105259d9eb679376470c102df4a2dbaa51e07d59bf741dcffb85897087ea9d8318b9cabb824a8978af51508ae142f0239ae1e6a3c2329
  languageName: node
  linkType: hard

"nopt@npm:^9.0.0":
  version: 9.0.0
  resolution: "nopt@npm:9.0.0"
  dependencies:
    abbrev: "npm:^4.0.0"
  bin:
    nopt: bin/nopt.js
  checksum: 10c0/1822eb6f9b020ef6f7a7516d7b64a8036e09666ea55ac40416c36e4b2b343122c3cff0e2f085675f53de1d2db99a2a89a60ccea1d120bcd6a5347bf6ceb4a7fd
  languageName: node
  linkType: hard

"once@npm:^1.4.0":
  version: 1.4.0
  resolution: "once@npm:1.4.0"
  dependencies:
    wrappy: "npm:1"
  checksum: 10c0/5d48aca287dfefabd756621c5dfce5c91a549a93e9fdb7b8246bc4c4790aa2ec17b34a260530474635147aeb631a2dcc8b32c613df0675f96041cbb8244517d0
  languageName: node
  linkType: hard

"package-json-from-dist@npm:^1.0.0":
  version: 1.0.1
  resolution: "package-json-from-dist@npm:1.0.1"
  checksum: 10c0/62ba2785eb655fec084a257af34dbe24292ab74516d6aecef97ef72d4897310bc6898f6c85b5cd22770eaa1ce60d55a0230e150fb6a966e3ecd6c511e23d164b
  languageName: node
  linkType: hard

"path-key@npm:^3.1.0":
  version: 3.1.1
  resolution: "path-key@npm:3.1.1"
  checksum: 10c0/748c43efd5a569c039d7a00a03b58eecd1d75f3999f5a28303d75f521288df4823bc057d8784eb72358b2895a05f29a070bc9f1f17d28226cc4e62494cc58c4c
  languageName: node
  linkType: hard

"path-scurry@npm:^2.0.0":
  version: 2.0.2
  resolution: "path-scurry@npm:2.0.2"
  dependencies:
    lru-cache: "npm:^11.0.0"
    minipass: "npm:^7.1.2"
  checksum: 10c0/b35ad37cf6557a87fd057121ce2be7695380c9138d93e87ae928609da259ea0a170fac6f3ef1eb3ece8a068e8b7f2f3adf5bb2374cf4d4a57fe484954fcc9482
  languageName: node
  linkType: hard

"picomatch@npm:^4.0.4":
  version: 4.0.4
  resolution: "picomatch@npm:4.0.4"
  checksum: 10c0/e2c6023372cc7b5764719a5ffb9da0f8e781212fa7ca4bd0562db929df8e117460f00dff3cb7509dacfc06b86de924b247f504d0ce1806a37fac4633081466b0
  languageName: node
  linkType: hard

"proc-log@npm:^6.0.0":
  version: 6.1.0
  resolution: "proc-log@npm:6.1.0"
  checksum: 10c0/4f178d4062733ead9d71a9b1ab24ebcecdfe2250916a5b1555f04fe2eda972a0ec76fbaa8df1ad9c02707add6749219d118a4fc46dc56bdfe4dde4b47d80bb82
  languageName: node
  linkType: hard

"semver@npm:^7.3.5":
  version: 7.7.4
  resolution: "semver@npm:7.7.4"
  bin:
    semver: bin/semver.js
  checksum: 10c0/5215ad0234e2845d4ea5bb9d836d42b03499546ddafb12075566899fc617f68794bb6f146076b6881d755de17d6c6cc73372555879ec7dce2c2feee947866ad2
  languageName: node
  linkType: hard

"shebang-command@npm:^2.0.0":
  version: 2.0.0
  resolution: "shebang-command@npm:2.0.0"
  dependencies:
    shebang-regex: "npm:^3.0.0"
  checksum: 10c0/a41692e7d89a553ef21d324a5cceb5f686d1f3c040759c50aab69688634688c5c327f26f3ecf7001ebfd78c01f3c7c0a11a7c8bfd0a8bc9f6240d4f40b224e4e
  languageName: node
  linkType: hard

"shebang-regex@npm:^3.0.0":
  version: 3.0.0
  resolution: "shebang-regex@npm:3.0.0"
  checksum: 10c0/1dbed0726dd0e1152a92696c76c7f06084eb32a90f0528d11acd764043aacf76994b2fb30aa1291a21bd019d6699164d048286309a278855ee7bec06cf6fb690
  languageName: node
  linkType: hard

"signal-exit@npm:^4.0.1":
  version: 4.1.0
  resolution: "signal-exit@npm:4.1.0"
  checksum: 10c0/41602dce540e46d599edba9d9860193398d135f7ff72cab629db5171516cfae628d21e7bfccde1bbfdf11c48726bc2a6d1a8fb8701125852fbfda7cf19c6aa83
  languageName: node
  linkType: hard

"skill-eval@workspace:.":
  version: 0.0.0-use.local
  resolution: "skill-eval@workspace:."
  dependencies:
    "@actions/core": "npm:^1.10.1"
    "@actions/github": "npm:^6.0.0"
    "@types/js-yaml": "npm:^4.0.9"
    "@types/node": "npm:^20.0.0"
    "@vercel/ncc": "npm:^0.38.4"
    glob: "npm:^11.0.0"
    js-yaml: "npm:^4.1.1"
    typescript: "npm:^5.0.0"
  languageName: unknown
  linkType: soft

"tar@npm:^7.5.4":
  version: 7.5.13
  resolution: "tar@npm:7.5.13"
  dependencies:
    "@isaacs/fs-minipass": "npm:^4.0.0"
    chownr: "npm:^3.0.0"
    minipass: "npm:^7.1.2"
    minizlib: "npm:^3.1.0"
    yallist: "npm:^5.0.0"
  checksum: 10c0/5c65b8084799bde7a791593a1c1a45d3d6ee98182e3700b24c247b7b8f8654df4191642abbdb07ff25043d45dcff35620827c3997b88ae6c12040f64bed5076b
  languageName: node
  linkType: hard

"tinyglobby@npm:^0.2.12":
  version: 0.2.16
  resolution: "tinyglobby@npm:0.2.16"
  dependencies:
    fdir: "npm:^6.5.0"
    picomatch: "npm:^4.0.4"
  checksum: 10c0/f2e09fd93dd95c41e522113b686ff6f7c13020962f8698a864a257f3d7737599afc47722b7ab726e12f8a813f779906187911ff8ee6701ede65072671a7e934b
  languageName: node
  linkType: hard

"tunnel@npm:^0.0.6":
  version: 0.0.6
  resolution: "tunnel@npm:0.0.6"
  checksum: 10c0/e27e7e896f2426c1c747325b5f54efebc1a004647d853fad892b46d64e37591ccd0b97439470795e5262b5c0748d22beb4489a04a0a448029636670bfd801b75
  languageName: node
  linkType: hard

"typescript@npm:^5.0.0":
  version: 5.9.3
  resolution: "typescript@npm:5.9.3"
  bin:
    tsc: bin/tsc
    tsserver: bin/tsserver
  checksum: 10c0/6bd7552ce39f97e711db5aa048f6f9995b53f1c52f7d8667c1abdc1700c68a76a308f579cd309ce6b53646deb4e9a1be7c813a93baaf0a28ccd536a30270e1c5
  languageName: node
  linkType: hard

"typescript@patch:typescript@npm%3A^5.0.0#optional!builtin<compat/typescript>":
  version: 5.9.3
  resolution: "typescript@patch:typescript@npm%3A5.9.3#optional!builtin<compat/typescript>::version=5.9.3&hash=5786d5"
  bin:
    tsc: bin/tsc
    tsserver: bin/tsserver
  checksum: 10c0/ad09fdf7a756814dce65bc60c1657b40d44451346858eea230e10f2e95a289d9183b6e32e5c11e95acc0ccc214b4f36289dcad4bf1886b0adb84d711d336a430
  languageName: node
  linkType: hard

"undici-types@npm:~6.21.0":
  version: 6.21.0
  resolution: "undici-types@npm:6.21.0"
  checksum: 10c0/c01ed51829b10aa72fc3ce64b747f8e74ae9b60eafa19a7b46ef624403508a54c526ffab06a14a26b3120d055e1104d7abe7c9017e83ced038ea5cf52f8d5e04
  languageName: node
  linkType: hard

"undici@npm:^5.25.4, undici@npm:^5.28.5":
  version: 5.29.0
  resolution: "undici@npm:5.29.0"
  dependencies:
    "@fastify/busboy": "npm:^2.0.0"
  checksum: 10c0/e4e4d631ca54ee0ad82d2e90e7798fa00a106e27e6c880687e445cc2f13b4bc87c5eba2a88c266c3eecffb18f26e227b778412da74a23acc374fca7caccec49b
  languageName: node
  linkType: hard

"undici@npm:^6.25.0":
  version: 6.25.0
  resolution: "undici@npm:6.25.0"
  checksum: 10c0/2597cc6689bdb02c210c557b1f85febbfda65becae6e6fc1061508e2f33734d25207f81cd8af56ada9956329eb3a7bd7431e87dcfeceba20ee87059b57dcf985
  languageName: node
  linkType: hard

"universal-user-agent@npm:^6.0.0":
  version: 6.0.1
  resolution: "universal-user-agent@npm:6.0.1"
  checksum: 10c0/5c9c46ffe19a975e11e6443640ed4c9e0ce48fcc7203325757a8414ac49940ebb0f4667f2b1fa561489d1eb22cb2d05a0f7c82ec20c5cba42e58e188fb19b187
  languageName: node
  linkType: hard

"which@npm:^2.0.1":
  version: 2.0.2
  resolution: "which@npm:2.0.2"
  dependencies:
    isexe: "npm:^2.0.0"
  bin:
    node-which: ./bin/node-which
  checksum: 10c0/66522872a768b60c2a65a57e8ad184e5372f5b6a9ca6d5f033d4b0dc98aff63995655a7503b9c0a2598936f532120e81dd8cc155e2e92ed662a2b9377cc4374f
  languageName: node
  linkType: hard

"which@npm:^6.0.0":
  version: 6.0.1
  resolution: "which@npm:6.0.1"
  dependencies:
    isexe: "npm:^4.0.0"
  bin:
    node-which: bin/which.js
  checksum: 10c0/7e710e54ea36d2d6183bee2f9caa27a3b47b9baf8dee55a199b736fcf85eab3b9df7556fca3d02b50af7f3dfba5ea3a45644189836df06267df457e354da66d5
  languageName: node
  linkType: hard

"wrappy@npm:1":
  version: 1.0.2
  resolution: "wrappy@npm:1.0.2"
  checksum: 10c0/56fece1a4018c6a6c8e28fbc88c87e0fbf4ea8fd64fc6c63b18f4acc4bd13e0ad2515189786dd2c30d3eec9663d70f4ecf699330002f8ccb547e4a18231fc9f0
  languageName: node
  linkType: hard

"yallist@npm:^5.0.0":
  version: 5.0.0
  resolution: "yallist@npm:5.0.0"
  checksum: 10c0/a499c81ce6d4a1d260d4ea0f6d49ab4da09681e32c3f0472dee16667ed69d01dae63a3b81745a24bd78476ec4fcf856114cb4896ace738e01da34b2c42235416
  languageName: node
  linkType: hard
